
Microsoft Visual Studio Solution File, Format Version 12.00
# Visual Studio 15
VisualStudioVersion = 15.0.27428.2015
MinimumVisualStudioVersion = 10.0.40219.1
Project("{8BC9CEB8-8B4A-11D0-8D11-00A0C91BC942}") = "dmlitefix", "dmlitefix.vcxproj", "{5D950BD4-9414-4DBF-8DE7-E9CA91DE76CE}"
EndProject
Global
	GlobalSection(SolutionConfigurationPlatforms) = preSolution
		Debug|x64 = Debug|x64
		Debug|x86 = Debug|x86
		Release|x64 = Release|x64
		Release|x86 = Release|x86
	EndGlobalSection
	GlobalSection(ProjectConfigurationPlatforms) = postSolution
		{5D950BD4-9414-4DBF-8DE7-E9CA91DE76CE}.Debug|x64.ActiveCfg = Debug|x64
		{5D950BD4-9414-4DBF-8DE7-E9CA91DE76CE}.Debug|x64.Build.0 = Debug|x64
		{5D950BD4-9414-4DBF-8DE7-E9CA91DE76CE}.Debug|x86.ActiveCfg = Debug|Win32
		{5D950BD4-9414-4DBF-8DE7-E9CA91DE76CE}.Debug|x86.Build.0 = Debug|Win32
		{5D950BD4-9414-4DBF-8DE7-E9CA91DE76CE}.Release|x64.ActiveCfg = Release|x64
		{5D950BD4-9414-4DBF-8DE7-E9CA91DE76CE}.Release|x64.Build.0 = Release|x64
		{5D950BD4-9414-4DBF-8DE7-E9CA91DE76CE}.Release|x86.ActiveCfg = Release|Win32
		{5D950BD4-9414-4DBF-8DE7-E9CA91DE76CE}.Release|x86.Build.0 = Release|Win32
	EndGlobalSection
	GlobalSection(SolutionProperties) = preSolution
		HideSolutionNode = FALSE
	EndGlobalSection
	GlobalSection(ExtensibilityGlobals) = postSolution
		SolutionGuid = {24D3A6C4-F61F-4000-A1DD-7F6FA7255CBB}
	EndGlobalSection
EndGlobal
